
Microsoft Visual Studio Solution File, Format Version 12.00
# Visual Studio Version 17
VisualStudioVersion = 17.11.35222.181
MinimumVisualStudioVersion = 10.0.40219.1
Project("{FAE04EC0-301F-11D3-BF4B-00C04F79EFBC}") = "AuthApiTemplate", "AuthApiTemplate\AuthApiTemplate.csproj", "{97869C10-7B33-4D06-A841-827F5E6D656B}"
EndProject
Global
	GlobalSection(SolutionConfigurationPlatforms) = preSolution
		Debug|Any CPU = Debug|Any CPU
		Release|Any CPU = Release|Any CPU
	EndGlobalSection
	GlobalSection(ProjectConfigurationPlatforms) = postSolution
		{97869C10-7B33-4D06-A841-827F5E6D656B}.Debug|Any CPU.ActiveCfg = Debug|Any CPU
		{97869C10-7B33-4D06-A841-827F5E6D656B}.Debug|Any CPU.Build.0 = Debug|Any CPU
		{97869C10-7B33-4D06-A841-827F5E6D656B}.Release|Any CPU.ActiveCfg = Release|Any CPU
		{97869C10-7B33-4D06-A841-827F5E6D656B}.Release|Any CPU.Build.0 = Release|Any CPU
	EndGlobalSection
	GlobalSection(SolutionProperties) = preSolution
		HideSolutionNode = FALSE
	EndGlobalSection
	GlobalSection(ExtensibilityGlobals) = postSolution
		SolutionGuid = {0C905AA4-C587-4A3D-9E94-5D3859D132B9}
	EndGlobalSection
EndGlobal
